
Microsoft Visual Studio Solution File, Format Version 12.00
# Visual Studio 15
VisualStudioVersion = 15.0.27130.2003
MinimumVisualStudioVersion = 15.0.26124.0
Project("{9A19103F-16F7-4668-BE54-9A1E7A4F7556}") = "Recipes", "Recipes\Recipes.csproj", "{56D5F1A0-B5EB-461A-B7C6-8AFDF06AAA40}"
EndProject
Global
	GlobalSection(SolutionConfigurationPlatforms) = preSolution
		Debug|Any CPU = Debug|Any CPU
		Debug|x64 = Debug|x64
		Debug|x86 = Debug|x86
		Release|Any CPU = Release|Any CPU
		Release|x64 = Release|x64
		Release|x86 = Release|x86
	EndGlobalSection
	GlobalSection(ProjectConfigurationPlatforms) = postSolution
		{56D5F1A0-B5EB-461A-B7C6-8AFDF06AAA40}.Debug|Any CPU.ActiveCfg = Debug|Any CPU
		{56D5F1A0-B5EB-461A-B7C6-8AFDF06AAA40}.Debug|Any CPU.Build.0 = Debug|Any CPU
		{56D5F1A0-B5EB-461A-B7C6-8AFDF06AAA40}.Debug|x64.ActiveCfg = Debug|Any CPU
		{56D5F1A0-B5EB-461A-B7C6-8AFDF06AAA40}.Debug|x64.Build.0 = Debug|Any CPU
		{56D5F1A0-B5EB-461A-B7C6-8AFDF06AAA40}.Debug|x86.ActiveCfg = Debug|Any CPU
		{56D5F1A0-B5EB-461A-B7C6-8AFDF06AAA40}.Debug|x86.Build.0 = Debug|Any CPU
		{56D5F1A0-B5EB-461A-B7C6-8AFDF06AAA40}.Release|Any CPU.ActiveCfg = Release|Any CPU
		{56D5F1A0-B5EB-461A-B7C6-8AFDF06AAA40}.Release|Any CPU.Build.0 = Release|Any CPU
		{56D5F1A0-B5EB-461A-B7C6-8AFDF06AAA40}.Release|x64.ActiveCfg = Release|Any CPU
		{56D5F1A0-B5EB-461A-B7C6-8AFDF06AAA40}.Release|x64.Build.0 = Release|Any CPU
		{56D5F1A0-B5EB-461A-B7C6-8AFDF06AAA40}.Release|x86.ActiveCfg = Release|Any CPU
		{56D5F1A0-B5EB-461A-B7C6-8AFDF06AAA40}.Release|x86.Build.0 = Release|Any CPU
	EndGlobalSection
	GlobalSection(SolutionProperties) = preSolution
		HideSolutionNode = FALSE
	EndGlobalSection
	GlobalSection(ExtensibilityGlobals) = postSolution
		SolutionGuid = {D794AB19-B374-484C-B38F-996CC246C5FC}
	EndGlobalSection
EndGlobal
